// !$*UTF8*$!
{
	archiveVersion = 1;
	classes = {
	};
	objectVersion = 56;
	objects = {

/* Begin PBXBuildFile section */
		AB2916F529D61FB5009FF8AE /* AppDelegate.swift in Sources */ = {isa = PBXBuildFile; fileRef = AB2916F429D61FB5009FF8AE /* AppDelegate.swift */; };
		AB2916F729D61FB5009FF8AE /* SceneDelegate.swift in Sources */ = {isa = PBXBuildFile; fileRef = AB2916F629D61FB5009FF8AE /* SceneDelegate.swift */; };
		AB2916FC29D61FB5009FF8AE /* Main.storyboard in Resources */ = {isa = PBXBuildFile; fileRef = AB2916FA29D61FB5009FF8AE /* Main.storyboard */; };
		AB2916FE29D61FB9009FF8AE /* Assets.xcassets in Resources */ = {isa = PBXBuildFile; fileRef = AB2916FD29D61FB9009FF8AE /* Assets.xcassets */; };
		AB29170129D61FB9009FF8AE /* LaunchScreen.storyboard in Resources */ = {isa = PBXBuildFile; fileRef = AB2916FF29D61FB9009FF8AE /* LaunchScreen.storyboard */; };
		AB29170929D6774A009FF8AE /* ScoreKeepingTableViewController.swift in Sources */ = {isa = PBXBuildFile; fileRef = AB29170829D6774A009FF8AE /* ScoreKeepingTableViewController.swift */; };
		AB29170B29D677B6009FF8AE /* PlayerScoreTableViewCell.swift in Sources */ = {isa = PBXBuildFile; fileRef = AB29170A29D677B6009FF8AE /* PlayerScoreTableViewCell.swift */; };
		AB29170D29D72BA0009FF8AE /* AddPlayerViewController.swift in Sources */ = {isa = PBXBuildFile; fileRef = AB29170C29D72BA0009FF8AE /* AddPlayerViewController.swift */; };
		AB6E891329E2415600DF35E0 /* Player.swift in Sources */ = {isa = PBXBuildFile; fileRef = AB6E891229E2415600DF35E0 /* Player.swift */; };
/* End PBXBuildFile section */

/* Begin PBXFileReference section */
		AB2916F129D61FB5009FF8AE /* Score Keeper App.app */ = {isa = PBXFileReference; explicitFileType = wrapper.application; includeInIndex = 0; path = "Score Keeper App.app"; sourceTree = BUILT_PRODUCTS_DIR; };
		AB2916F429D61FB5009FF8AE /* AppDelegate.swift */ = {isa = PBXFileReference; lastKnownFileType = sourcecode.swift; path = AppDelegate.swift; sourceTree = "<group>"; };
		AB2916F629D61FB5009FF8AE /* SceneDelegate.swift */ = {isa = PBXFileReference; lastKnownFileType = sourcecode.swift; path = SceneDelegate.swift; sourceTree = "<group>"; };
		AB2916FB29D61FB5009FF8AE /* Base */ = {isa = PBXFileReference; lastKnownFileType = file.storyboard; name = Base; path = Base.lproj/Main.storyboard; sourceTree = "<group>"; };
		AB2916FD29D61FB9009FF8AE /* Assets.xcassets */ = {isa = PBXFileReference; lastKnownFileType = folder.assetcatalog; path = Assets.xcassets; sourceTree = "<group>"; };
		AB29170029D61FB9009FF8AE /* Base */ = {isa = PBXFileReference; lastKnownFileType = file.storyboard; name = Base; path = Base.lproj/LaunchScreen.storyboard; sourceTree = "<group>"; };
		AB29170229D61FB9009FF8AE /* Info.plist */ = {isa = PBXFileReference; lastKnownFileType = text.plist.xml; path = Info.plist; sourceTree = "<group>"; };
		AB29170829D6774A009FF8AE /* ScoreKeepingTableViewController.swift */ = {isa = PBXFileReference; lastKnownFileType = sourcecode.swift; path = ScoreKeepingTableViewController.swift; sourceTree = "<group>"; };
		AB29170A29D677B6009FF8AE /* PlayerScoreTableViewCell.swift */ = {isa = PBXFileReference; lastKnownFileType = sourcecode.swift; path = PlayerScoreTableViewCell.swift; sourceTree = "<group>"; };
		AB29170C29D72BA0009FF8AE /* AddPlayerViewController.swift */ = {isa = PBXFileReference; lastKnownFileType = sourcecode.swift; path = AddPlayerViewController.swift; sourceTree = "<group>"; };
		AB6E891229E2415600DF35E0 /* Player.swift */ = {isa = PBXFileReference; lastKnownFileType = sourcecode.swift; path = Player.swift; sourceTree = "<group>"; };
/* End PBXFileReference section */

/* Begin PBXFrameworksBuildPhase section */
		AB2916EE29D61FB5009FF8AE /* Frameworks */ = {
			isa = PBXFrameworksBuildPhase;
			buildActionMask = 2147483647;
			files = (
			);
			runOnlyForDeploymentPostprocessing = 0;
		};
/* End PBXFrameworksBuildPhase section */

/* Begin PBXGroup section */
		AB2916E829D61FB5009FF8AE = {
			isa = PBXGroup;
			children = (
				AB2916F329D61FB5009FF8AE /* Score Keeper App */,
				AB2916F229D61FB5009FF8AE /* Products */,
			);
			sourceTree = "<group>";
		};
		AB2916F229D61FB5009FF8AE /* Products */ = {
			isa = PBXGroup;
			children = (
				AB2916F129D61FB5009FF8AE /* Score Keeper App.app */,
			);
			name = Products;
			sourceTree = "<group>";
		};
		AB2916F329D61FB5009FF8AE /* Score Keeper App */ = {
			isa = PBXGroup;
			children = (
				AB2916F429D61FB5009FF8AE /* AppDelegate.swift */,
				AB2916F629D61FB5009FF8AE /* SceneDelegate.swift */,
				AB2916FA29D61FB5009FF8AE /* Main.storyboard */,
				AB6E891229E2415600DF35E0 /* Player.swift */,
				AB29170C29D72BA0009FF8AE /* AddPlayerViewController.swift */,
				AB29170A29D677B6009FF8AE /* PlayerScoreTableViewCell.swift */,
				AB29170829D6774A009FF8AE /* ScoreKeepingTableViewController.swift */,
				AB2916FD29D61FB9009FF8AE /* Assets.xcassets */,
				AB2916FF29D61FB9009FF8AE /* LaunchScreen.storyboard */,
				AB29170229D61FB9009FF8AE /* Info.plist */,
			);
			path = "Score Keeper App";
			sourceTree = "<group>";
		};
/* End PBXGroup section */

/* Begin PBXNativeTarget section */
		AB2916F029D61FB5009FF8AE /* Score Keeper App */ = {
			isa = PBXNativeTarget;
			buildConfigurationList = AB29170529D61FB9009FF8AE /* Build configuration list for PBXNativeTarget "Score Keeper App" */;
			buildPhases = (
				AB2916ED29D61FB5009FF8AE /* Sources */,
				AB2916EE29D61FB5009FF8AE /* Frameworks */,
				AB2916EF29D61FB5009FF8AE /* Resources */,
			);
			buildRules = (
			);
			dependencies = (
			);
			name = "Score Keeper App";
			productName = "Score Keeper App";
			productReference = AB2916F129D61FB5009FF8AE /* Score Keeper App.app */;
			productType = "com.apple.product-type.application";
		};
/* End PBXNativeTarget section */

/* Begin PBXProject section */
		AB2916E929D61FB5009FF8AE /* Project object */ = {
			isa = PBXProject;
			attributes = {
				BuildIndependentTargetsInParallel = 1;
				LastSwiftUpdateCheck = 1420;
				LastUpgradeCheck = 1420;
				TargetAttributes = {
					AB2916F029D61FB5009FF8AE = {
						CreatedOnToolsVersion = 14.2;
					};
				};
			};
			buildConfigurationList = AB2916EC29D61FB5009FF8AE /* Build configuration list for PBXProject "Score Keeper App" */;
			compatibilityVersion = "Xcode 14.0";
			developmentRegion = en;
			hasScannedForEncodings = 0;
			knownRegions = (
				en,
				Base,
			);
			mainGroup = AB2916E829D61FB5009FF8AE;
			productRefGroup = AB2916F229D61FB5009FF8AE /* Products */;
			projectDirPath = "";
			projectRoot = "";
			targets = (
				AB2916F029D61FB5009FF8AE /* Score Keeper App */,
			);
		};
/* End PBXProject section */

/* Begin PBXResourcesBuildPhase section */
		AB2916EF29D61FB5009FF8AE /* Resources */ = {
			isa = PBXResourcesBuildPhase;
			buildActionMask = 2147483647;
			files = (
				AB29170129D61FB9009FF8AE /* LaunchScreen.storyboard in Resources */,
				AB2916FE29D61FB9009FF8AE /* Assets.xcassets in Resources */,
				AB2916FC29D61FB5009FF8AE /* Main.storyboard in Resources */,
			);
			runOnlyForDeploymentPostprocessing = 0;
		};
/* End PBXResourcesBuildPhase section */

/* Begin PBXSourcesBuildPhase section */
		AB2916ED29D61FB5009FF8AE /* Sources */ = {
			isa = PBXSourcesBuildPhase;
			buildActionMask = 2147483647;
			files = (
				AB2916F529D61FB5009FF8AE /* AppDelegate.swift in Sources */,
				AB29170D29D72BA0009FF8AE /* AddPlayerViewController.swift in Sources */,
				AB29170B29D677B6009FF8AE /* PlayerScoreTableViewCell.swift in Sources */,
				AB29170929D6774A009FF8AE /* ScoreKeepingTableViewController.swift in Sources */,
				AB6E891329E2415600DF35E0 /* Player.swift in Sources */,
				AB2916F729D61FB5009FF8AE /* SceneDelegate.swift in Sources */,
			);
			runOnlyForDeploymentPostprocessing = 0;
		};
/* End PBXSourcesBuildPhase section */

/* Begin PBXVariantGroup section */
		AB2916FA29D61FB5009FF8AE /* Main.storyboard */ = {
			isa = PBXVariantGroup;
			children = (
				AB2916FB29D61FB5009FF8AE /* Base */,
			);
			name = Main.storyboard;
			sourceTree = "<group>";
		};
		AB2916FF29D61FB9009FF8AE /* LaunchScreen.storyboard */ = {
			isa = PBXVariantGroup;
			children = (
				AB29170029D61FB9009FF8AE /* Base */,
			);
			name = LaunchScreen.storyboard;
			sourceTree = "<group>";
		};
/* End PBXVariantGroup section */

/* Begin XCBuildConfiguration section */
		AB29170329D61FB9009FF8AE /* Debug */ = {
			isa = XCBuildConfiguration;
			buildSettings = {
				ALWAYS_SEARCH_USER_PATHS = NO;
				CLANG_ANALYZER_NONNULL = YES;
				CLANG_ANALYZER_NUMBER_OBJECT_CONVERSION = YES_AGGRESSIVE;
				CLANG_CXX_LANGUAGE_STANDARD = "gnu++20";
				CLANG_ENABLE_MODULES = YES;
				CLANG_ENABLE_OBJC_ARC = YES;
				CLANG_ENABLE_OBJC_WEAK = YES;
				CLANG_WARN_BLOCK_CAPTURE_AUTORELEASING = YES;
				CLANG_WARN_BOOL_CONVERSION = YES;
				CLANG_WARN_COMMA = YES;
				CLANG_WARN_CONSTANT_CONVERSION = YES;
				CLANG_WARN_DEPRECATED_OBJC_IMPLEMENTATIONS = YES;
				CLANG_WARN_DIRECT_OBJC_ISA_USAGE = YES_ERROR;
				CLANG_WARN_DOCUMENTATION_COMMENTS = YES;
				CLANG_WARN_EMPTY_BODY = YES;
				CLANG_WARN_ENUM_CONVERSION = YES;
				CLANG_WARN_INFINITE_RECURSION = YES;
				CLANG_WARN_INT_CONVERSION = YES;
				CLANG_WARN_NON_LITERAL_NULL_CONVERSION = YES;
				CLANG_WARN_OBJC_IMPLICIT_RETAIN_SELF = YES;
				CLANG_WARN_OBJC_LITERAL_CONVERSION = YES;
				CLANG_WARN_OBJC_ROOT_CLASS = YES_ERROR;
				CLANG_WARN_QUOTED_INCLUDE_IN_FRAMEWORK_HEADER = YES;
				CLANG_WARN_RANGE_LOOP_ANALYSIS = YES;
				CLANG_WARN_STRICT_PROTOTYPES = YES;
				CLANG_WARN_SUSPICIOUS_MOVE = YES;
				CLANG_WARN_UNGUARDED_AVAILABILITY = YES_AGGRESSIVE;
				CLANG_WARN_UNREACHABLE_CODE = YES;
				CLANG_WARN__DUPLICATE_METHOD_MATCH = YES;
				COPY_PHASE_STRIP = NO;
				DEBUG_INFORMATION_FORMAT = dwarf;
				ENABLE_STRICT_OBJC_MSGSEND = YES;
				ENABLE_TESTABILITY = YES;
				GCC_C_LANGUAGE_STANDARD = gnu11;
				GCC_DYNAMIC_NO_PIC = NO;
				GCC_NO_COMMON_BLOCKS = YES;
				GCC_OPTIMIZATION_LEVEL = 0;
				GCC_PREPROCESSOR_DEFINITIONS = (
					"DEBUG=1",
					"$(inherited)",
				);
				GCC_WARN_64_TO_32_BIT_CONVERSION = YES;
				GCC_WARN_ABOUT_RETURN_TYPE = YES_ERROR;
				GCC_WARN_UNDECLARED_SELECTOR = YES;
				GCC_WARN_UNINITIALIZED_AUTOS = YES_AGGRESSIVE;
				GCC_WARN_UNUSED_FUNCTION = YES;
				GCC_WARN_UNUSED_VARIABLE = YES;
				IPHONEOS_DEPLOYMENT_TARGET = 16.2;
				MTL_ENABLE_DEBUG_INFO = INCLUDE_SOURCE;
				MTL_FAST_MATH = YES;
				ONLY_ACTIVE_ARCH = YES;
				SDKROOT = iphoneos;
				SWIFT_ACTIVE_COMPILATION_CONDITIONS = DEBUG;
				SWIFT_OPTIMIZATION_LEVEL = "-Onone";
			};
			name = Debug;
		};
		AB29170429D61FB9009FF8AE /* Release */ = {
			isa = XCBuildConfiguration;
			buildSettings = {
				ALWAYS_SEARCH_USER_PATHS = NO;
				CLANG_ANALYZER_NONNULL = YES;
				CLANG_ANALYZER_NUMBER_OBJECT_CONVERSION = YES_AGGRESSIVE;
				CLANG_CXX_LANGUAGE_STANDARD = "gnu++20";
				CLANG_ENABLE_MODULES = YES;
				CLANG_ENABLE_OBJC_ARC = YES;
				CLANG_ENABLE_OBJC_WEAK = YES;
				CLANG_WARN_BLOCK_CAPTURE_AUTORELEASING = YES;
				CLANG_WARN_BOOL_CONVERSION = YES;
				CLANG_WARN_COMMA = YES;
				CLANG_WARN_CONSTANT_CONVERSION = YES;
				CLANG_WARN_DEPRECATED_OBJC_IMPLEMENTATIONS = YES;
				CLANG_WARN_DIRECT_OBJC_ISA_USAGE = YES_ERROR;
				CLANG_WARN_DOCUMENTATION_COMMENTS = YES;
				CLANG_WARN_EMPTY_BODY = YES;
				CLANG_WARN_ENUM_CONVERSION = YES;
				CLANG_WARN_INFINITE_RECURSION = YES;
				CLANG_WARN_INT_CONVERSION = YES;
				CLANG_WARN_NON_LITERAL_NULL_CONVERSION = YES;
				CLANG_WARN_OBJC_IMPLICIT_RETAIN_SELF = YES;
				CLANG_WARN_OBJC_LITERAL_CONVERSION = YES;
				CLANG_WARN_OBJC_ROOT_CLASS = YES_ERROR;
				CLANG_WARN_QUOTED_INCLUDE_IN_FRAMEWORK_HEADER = YES;
				CLANG_WARN_RANGE_LOOP_ANALYSIS = YES;
				CLANG_WARN_STRICT_PROTOTYPES = YES;
				CLANG_WARN_SUSPICIOUS_MOVE = YES;
				CLANG_WARN_UNGUARDED_AVAILABILITY = YES_AGGRESSIVE;
				CLANG_WARN_UNREACHABLE_CODE = YES;
				CLANG_WARN__DUPLICATE_METHOD_MATCH = YES;
				COPY_PHASE_STRIP = NO;
				DEBUG_INFORMATION_FORMAT = "dwarf-with-dsym";
				ENABLE_NS_ASSERTIONS = NO;
				ENABLE_STRICT_OBJC_MSGSEND = YES;
				GCC_C_LANGUAGE_STANDARD = gnu11;
				GCC_NO_COMMON_BLOCKS = YES;
				GCC_WARN_64_TO_32_BIT_CONVERSION = YES;
				GCC_WARN_ABOUT_RETURN_TYPE = YES_ERROR;
				GCC_WARN_UNDECLARED_SELECTOR = YES;
				GCC_WARN_UNINITIALIZED_AUTOS = YES_AGGRESSIVE;
				GCC_WARN_UNUSED_FUNCTION = YES;
				GCC_WARN_UNUSED_VARIABLE = YES;
				IPHONEOS_DEPLOYMENT_TARGET = 16.2;
				MTL_ENABLE_DEBUG_INFO = NO;
				MTL_FAST_MATH = YES;
				SDKROOT = iphoneos;
				SWIFT_COMPILATION_MODE = wholemodule;
				SWIFT_OPTIMIZATION_LEVEL = "-O";
				VALIDATE_PRODUCT = YES;
			};
			name = Release;
		};
		AB29170629D61FB9009FF8AE /* Debug */ = {
			isa = XCBuildConfiguration;
			buildSettings = {
				ASSETCATALOG_COMPILER_APPICON_NAME = AppIcon;
				ASSETCATALOG_COMPILER_GLOBAL_ACCENT_COLOR_NAME = AccentColor;
				CODE_SIGN_STYLE = Automatic;
				CURRENT_PROJECT_VERSION = 1;
				DEVELOPMENT_TEAM = 6Y4CXR7524;
				GENERATE_INFOPLIST_FILE = YES;
				INFOPLIST_FILE = "Score Keeper App/Info.plist";
				INFOPLIST_KEY_UIApplicationSupportsIndirectInputEvents = YES;
				INFOPLIST_KEY_UILaunchStoryboardName = LaunchScreen;
				INFOPLIST_KEY_UIMainStoryboardFile = Main;
				INFOPLIST_KEY_UISupportedInterfaceOrientations_iPad = "UIInterfaceOrientationPortrait UIInterfaceOrientationPortraitUpsideDown UIInterfaceOrientationLandscapeLeft UIInterfaceOrientationLandscapeRight";
				INFOPLIST_KEY_UISupportedInterfaceOrientations_iPhone = "UIInterfaceOrientationPortrait UIInterfaceOrientationLandscapeLeft UIInterfaceOrientationLandscapeRight";
				LD_RUNPATH_SEARCH_PATHS = (
					"$(inherited)",
					"@executable_path/Frameworks",
				);
				MARKETING_VERSION = 1.0;
				PRODUCT_BUNDLE_IDENTIFIER = "mtech.Score-Keeper-App";
				PRODUCT_NAME = "$(TARGET_NAME)";
				SWIFT_EMIT_LOC_STRINGS = YES;
				SWIFT_VERSION = 5.0;
				TARGETED_DEVICE_FAMILY = "1,2";
			};
			name = Debug;
		};
		AB29170729D61FB9009FF8AE /* Release */ = {
			isa = XCBuildConfiguration;
			buildSettings = {
				ASSETCATALOG_COMPILER_APPICON_NAME = AppIcon;
				ASSETCATALOG_COMPILER_GLOBAL_ACCENT_COLOR_NAME = AccentColor;
				CODE_SIGN_STYLE = Automatic;
				CURRENT_PROJECT_VERSION = 1;
				DEVELOPMENT_TEAM = 6Y4CXR7524;
				GENERATE_INFOPLIST_FILE = YES;
				INFOPLIST_FILE = "Score Keeper App/Info.plist";
				INFOPLIST_KEY_UIApplicationSupportsIndirectInputEvents = YES;
				INFOPLIST_KEY_UILaunchStoryboardName = LaunchScreen;
				INFOPLIST_KEY_UIMainStoryboardFile = Main;
				INFOPLIST_KEY_UISupportedInterfaceOrientations_iPad = "UIInterfaceOrientationPortrait UIInterfaceOrientationPortraitUpsideDown UIInterfaceOrientationLandscapeLeft UIInterfaceOrientationLandscapeRight";
				INFOPLIST_KEY_UISupportedInterfaceOrientations_iPhone = "UIInterfaceOrientationPortrait UIInterfaceOrientationLandscapeLeft UIInterfaceOrientationLandscapeRight";
				LD_RUNPATH_SEARCH_PATHS = (
					"$(inherited)",
					"@executable_path/Frameworks",
				);
				MARKETING_VERSION = 1.0;
				PRODUCT_BUNDLE_IDENTIFIER = "mtech.Score-Keeper-App";
				PRODUCT_NAME = "$(TARGET_NAME)";
				SWIFT_EMIT_LOC_STRINGS = YES;
				SWIFT_VERSION = 5.0;
				TARGETED_DEVICE_FAMILY = "1,2";
			};
			name = Release;
		};
/* End XCBuildConfiguration section */

/* Begin XCConfigurationList section */
		AB2916EC29D61FB5009FF8AE /* Build configuration list for PBXProject "Score Keeper App" */ = {
			isa = XCConfigurationList;
			buildConfigurations = (
				AB29170329D61FB9009FF8AE /* Debug */,
				AB29170429D61FB9009FF8AE /* Release */,
			);
			defaultConfigurationIsVisible = 0;
			defaultConfigurationName = Release;
		};
		AB29170529D61FB9009FF8AE /* Build configuration list for PBXNativeTarget "Score Keeper App" */ = {
			isa = XCConfigurationList;
			buildConfigurations = (
				AB29170629D61FB9009FF8AE /* Debug */,
				AB29170729D61FB9009FF8AE /* Release */,
			);
			defaultConfigurationIsVisible = 0;
			defaultConfigurationName = Release;
		};
/* End XCConfigurationList section */
	};
	rootObject = AB2916E929D61FB5009FF8AE /* Project object */;
}
